
Microsoft Visual Studio Solution File, Format Version 12.00
# Visual Studio Version 17
VisualStudioVersion = 17.9.34723.18
MinimumVisualStudioVersion = 10.0.40219.1
Project("{FAE04EC0-301F-11D3-BF4B-00C04F79EFBC}") = "BlogApp", "BlogApp.csproj", "{ADDF9BE4-6C32-4A49-989D-FB315F557E4A}"
EndProject
Global
	GlobalSection(SolutionConfigurationPlatforms) = preSolution
		Debug|Any CPU = Debug|Any CPU
		Release|Any CPU = Release|Any CPU
	EndGlobalSection
	GlobalSection(ProjectConfigurationPlatforms) = postSolution
		{ADDF9BE4-6C32-4A49-989D-FB315F557E4A}.Debug|Any CPU.ActiveCfg = Debug|Any CPU
		{ADDF9BE4-6C32-4A49-989D-FB315F557E4A}.Debug|Any CPU.Build.0 = Debug|Any CPU
		{ADDF9BE4-6C32-4A49-989D-FB315F557E4A}.Release|Any CPU.ActiveCfg = Release|Any CPU
		{ADDF9BE4-6C32-4A49-989D-FB315F557E4A}.Release|Any CPU.Build.0 = Release|Any CPU
	EndGlobalSection
	GlobalSection(SolutionProperties) = preSolution
		HideSolutionNode = FALSE
	EndGlobalSection
	GlobalSection(ExtensibilityGlobals) = postSolution
		SolutionGuid = {F9314735-48FB-4737-91C1-F0CF9F2C40DB}
	EndGlobalSection
EndGlobal
